
Microsoft Visual Studio Solution File, Format Version 12.00
# Visual Studio 15
VisualStudioVersion = 15.0.27428.2037
MinimumVisualStudioVersion = 10.0.40219.1
Project("{FAE04EC0-301F-11D3-BF4B-00C04F79EFBC}") = "ShinyStackBarTest", "ShinyStackBarTest\ShinyStackBarTest.csproj", "{8B581A65-0D30-4112-973F-0C41D5C85116}"
EndProject
Global
	GlobalSection(SolutionConfigurationPlatforms) = preSolution
		Debug|Any CPU = Debug|Any CPU
		Release|Any CPU = Release|Any CPU
	EndGlobalSection
	GlobalSection(ProjectConfigurationPlatforms) = postSolution
		{8B581A65-0D30-4112-973F-0C41D5C85116}.Debug|Any CPU.ActiveCfg = Debug|Any CPU
		{8B581A65-0D30-4112-973F-0C41D5C85116}.Debug|Any CPU.Build.0 = Debug|Any CPU
		{8B581A65-0D30-4112-973F-0C41D5C85116}.Release|Any CPU.ActiveCfg = Release|Any CPU
		{8B581A65-0D30-4112-973F-0C41D5C85116}.Release|Any CPU.Build.0 = Release|Any CPU
	EndGlobalSection
	GlobalSection(SolutionProperties) = preSolution
		HideSolutionNode = FALSE
	EndGlobalSection
	GlobalSection(ExtensibilityGlobals) = postSolution
		SolutionGuid = {B5E5344F-879D-4816-B6DE-C215F25D04B3}
	EndGlobalSection
EndGlobal
